// !$*UTF8*$!
{
	archiveVersion = 1;
	classes = {
	};
	objectVersion = 48;
	objects = {

/* Begin PBXBuildFile section */
		47CAB4AE20526E660021193A /* AppDelegate.m in Sources */ = {isa = PBXBuildFile; fileRef = 47CAB4AD20526E660021193A /* AppDelegate.m */; };
		47CAB4B120526E660021193A /* ViewController.m in Sources */ = {isa = PBXBuildFile; fileRef = 47CAB4B020526E660021193A /* ViewController.m */; };
		47CAB4B420526E660021193A /* Main.storyboard in Resources */ = {isa = PBXBuildFile; fileRef = 47CAB4B220526E660021193A /* Main.storyboard */; };
		47CAB4B620526E660021193A /* Assets.xcassets in Resources */ = {isa = PBXBuildFile; fileRef = 47CAB4B520526E660021193A /* Assets.xcassets */; };
		47CAB4B920526E660021193A /* LaunchScreen.storyboard in Resources */ = {isa = PBXBuildFile; fileRef = 47CAB4B720526E660021193A /* LaunchScreen.storyboard */; };
		47CAB4BC20526E660021193A /* main.m in Sources */ = {isa = PBXBuildFile; fileRef = 47CAB4BB20526E660021193A /* main.m */; };
/* End PBXBuildFile section */

/* Begin PBXFileReference section */
		47CAB4A920526E660021193A /* EpubCocoapod.app */ = {isa = PBXFileReference; explicitFileType = wrapper.application; includeInIndex = 0; path = EpubCocoapod.app; sourceTree = BUILT_PRODUCTS_DIR; };
		47CAB4AC20526E660021193A /* AppDelegate.h */ = {isa = PBXFileReference; lastKnownFileType = sourcecode.c.h; path = AppDelegate.h; sourceTree = "<group>"; };
		47CAB4AD20526E660021193A /* AppDelegate.m */ = {isa = PBXFileReference; lastKnownFileType = sourcecode.c.objc; path = AppDelegate.m; sourceTree = "<group>"; };
		47CAB4AF20526E660021193A /* ViewController.h */ = {isa = PBXFileReference; lastKnownFileType = sourcecode.c.h; path = ViewController.h; sourceTree = "<group>"; };
		47CAB4B020526E660021193A /* ViewController.m */ = {isa = PBXFileReference; lastKnownFileType = sourcecode.c.objc; path = ViewController.m; sourceTree = "<group>"; };
		47CAB4B320526E660021193A /* Base */ = {isa = PBXFileReference; lastKnownFileType = file.storyboard; name = Base; path = Base.lproj/Main.storyboard; sourceTree = "<group>"; };
		47CAB4B520526E660021193A /* Assets.xcassets */ = {isa = PBXFileReference; lastKnownFileType = folder.assetcatalog; path = Assets.xcassets; sourceTree = "<group>"; };
		47CAB4B820526E660021193A /* Base */ = {isa = PBXFileReference; lastKnownFileType = file.storyboard; name = Base; path = Base.lproj/LaunchScreen.storyboard; sourceTree = "<group>"; };
		47CAB4BA20526E660021193A /* Info.plist */ = {isa = PBXFileReference; lastKnownFileType = text.plist.xml; path = Info.plist; sourceTree = "<group>"; };
		47CAB4BB20526E660021193A /* main.m */ = {isa = PBXFileReference; lastKnownFileType = sourcecode.c.objc; path = main.m; sourceTree = "<group>"; };
/* End PBXFileReference section */

/* Begin PBXFrameworksBuildPhase section */
		47CAB4A620526E660021193A /* Frameworks */ = {
			isa = PBXFrameworksBuildPhase;
			buildActionMask = 2147483647;
			files = (
			);
			runOnlyForDeploymentPostprocessing = 0;
		};
/* End PBXFrameworksBuildPhase section */

/* Begin PBXGroup section */
		47CAB4A020526E660021193A = {
			isa = PBXGroup;
			children = (
				47CAB4AB20526E660021193A /* EpubCocoapod */,
				47CAB4AA20526E660021193A /* Products */,
			);
			sourceTree = "<group>";
		};
		47CAB4AA20526E660021193A /* Products */ = {
			isa = PBXGroup;
			children = (
				47CAB4A920526E660021193A /* EpubCocoapod.app */,
			);
			name = Products;
			sourceTree = "<group>";
		};
		47CAB4AB20526E660021193A /* EpubCocoapod */ = {
			isa = PBXGroup;
			children = (
				47CAB4AC20526E660021193A /* AppDelegate.h */,
				47CAB4AD20526E660021193A /* AppDelegate.m */,
				47CAB4AF20526E660021193A /* ViewController.h */,
				47CAB4B020526E660021193A /* ViewController.m */,
				47CAB4B220526E660021193A /* Main.storyboard */,
				47CAB4B520526E660021193A /* Assets.xcassets */,
				47CAB4B720526E660021193A /* LaunchScreen.storyboard */,
				47CAB4BA20526E660021193A /* Info.plist */,
				47CAB4BB20526E660021193A /* main.m */,
			);
			path = EpubCocoapod;
			sourceTree = "<group>";
		};
/* End PBXGroup section */

/* Begin PBXNativeTarget section */
		47CAB4A820526E660021193A /* EpubCocoapod */ = {
			isa = PBXNativeTarget;
			buildConfigurationList = 47CAB4BF20526E660021193A /* Build configuration list for PBXNativeTarget "EpubCocoapod" */;
			buildPhases = (
				47CAB4A520526E660021193A /* Sources */,
				47CAB4A620526E660021193A /* Frameworks */,
				47CAB4A720526E660021193A /* Resources */,
			);
			buildRules = (
			);
			dependencies = (
			);
			name = EpubCocoapod;
			productName = EpubCocoapod;
			productReference = 47CAB4A920526E660021193A /* EpubCocoapod.app */;
			productType = "com.apple.product-type.application";
		};
/* End PBXNativeTarget section */

/* Begin PBXProject section */
		47CAB4A120526E660021193A /* Project object */ = {
			isa = PBXProject;
			attributes = {
				LastUpgradeCheck = 0900;
				ORGANIZATIONNAME = yongjisun;
				TargetAttributes = {
					47CAB4A820526E660021193A = {
						CreatedOnToolsVersion = 9.0;
						ProvisioningStyle = Automatic;
					};
				};
			};
			buildConfigurationList = 47CAB4A420526E660021193A /* Build configuration list for PBXProject "EpubCocoapod" */;
			compatibilityVersion = "Xcode 8.0";
			developmentRegion = en;
			hasScannedForEncodings = 0;
			knownRegions = (
				en,
				Base,
			);
			mainGroup = 47CAB4A020526E660021193A;
			productRefGroup = 47CAB4AA20526E660021193A /* Products */;
			projectDirPath = "";
			projectRoot = "";
			targets = (
				47CAB4A820526E660021193A /* EpubCocoapod */,
			);
		};
/* End PBXProject section */

/* Begin PBXResourcesBuildPhase section */
		47CAB4A720526E660021193A /* Resources */ = {
			isa = PBXResourcesBuildPhase;
			buildActionMask = 2147483647;
			files = (
				47CAB4B920526E660021193A /* LaunchScreen.storyboard in Resources */,
				47CAB4B620526E660021193A /* Assets.xcassets in Resources */,
				47CAB4B420526E660021193A /* Main.storyboard in Resources */,
			);
			runOnlyForDeploymentPostprocessing = 0;
		};
/* End PBXResourcesBuildPhase section */

/* Begin PBXSourcesBuildPhase section */
		47CAB4A520526E660021193A /* Sources */ = {
			isa = PBXSourcesBuildPhase;
			buildActionMask = 2147483647;
			files = (
				47CAB4B120526E660021193A /* ViewController.m in Sources */,
				47CAB4BC20526E660021193A /* main.m in Sources */,
				47CAB4AE20526E660021193A /* AppDelegate.m in Sources */,
			);
			runOnlyForDeploymentPostprocessing = 0;
		};
/* End PBXSourcesBuildPhase section */

/* Begin PBXVariantGroup section */
		47CAB4B220526E660021193A /* Main.storyboard */ = {
			isa = PBXVariantGroup;
			children = (
				47CAB4B320526E660021193A /* Base */,
			);
			name = Main.storyboard;
			sourceTree = "<group>";
		};
		47CAB4B720526E660021193A /* LaunchScreen.storyboard */ = {
			isa = PBXVariantGroup;
			children = (
				47CAB4B820526E660021193A /* Base */,
			);
			name = LaunchScreen.storyboard;
			sourceTree = "<group>";
		};
/* End PBXVariantGroup section */

/* Begin XCBuildConfiguration section */
		47CAB4BD20526E660021193A /* Debug */ = {
			isa = XCBuildConfiguration;
			buildSettings = {
				ALWAYS_SEARCH_USER_PATHS = NO;
				CLANG_ANALYZER_NONNULL = YES;
				CLANG_ANALYZER_NUMBER_OBJECT_CONVERSION = YES_AGGRESSIVE;
				CLANG_CXX_LANGUAGE_STANDARD = "gnu++14";
				CLANG_CXX_LIBRARY = "libc++";
				CLANG_ENABLE_MODULES = YES;
				CLANG_ENABLE_OBJC_ARC = YES;
				CLANG_WARN_BLOCK_CAPTURE_AUTORELEASING = YES;
				CLANG_WARN_BOOL_CONVERSION = YES;
				CLANG_WARN_COMMA = YES;
				CLANG_WARN_CONSTANT_CONVERSION = YES;
				CLANG_WARN_DIRECT_OBJC_ISA_USAGE = YES_ERROR;
				CLANG_WARN_DOCUMENTATION_COMMENTS = YES;
				CLANG_WARN_EMPTY_BODY = YES;
				CLANG_WARN_ENUM_CONVERSION = YES;
				CLANG_WARN_INFINITE_RECURSION = YES;
				CLANG_WARN_INT_CONVERSION = YES;
				CLANG_WARN_NON_LITERAL_NULL_CONVERSION = YES;
				CLANG_WARN_OBJC_LITERAL_CONVERSION = YES;
				CLANG_WARN_OBJC_ROOT_CLASS = YES_ERROR;
				CLANG_WARN_RANGE_LOOP_ANALYSIS = YES;
				CLANG_WARN_STRICT_PROTOTYPES = YES;
				CLANG_WARN_SUSPICIOUS_MOVE = YES;
				CLANG_WARN_UNGUARDED_AVAILABILITY = YES_AGGRESSIVE;
				CLANG_WARN_UNREACHABLE_CODE = YES;
				CLANG_WARN__DUPLICATE_METHOD_MATCH = YES;
				CODE_SIGN_IDENTITY = "iPhone Developer";
				COPY_PHASE_STRIP = NO;
				DEBUG_INFORMATION_FORMAT = dwarf;
				ENABLE_STRICT_OBJC_MSGSEND = YES;
				ENABLE_TESTABILITY = YES;
				GCC_C_LANGUAGE_STANDARD = gnu11;
				GCC_DYNAMIC_NO_PIC = NO;
				GCC_NO_COMMON_BLOCKS = YES;
				GCC_OPTIMIZATION_LEVEL = 0;
				GCC_PREPROCESSOR_DEFINITIONS = (
					"DEBUG=1",
					"$(inherited)",
				);
				GCC_WARN_64_TO_32_BIT_CONVERSION = YES;
				GCC_WARN_ABOUT_RETURN_TYPE = YES_ERROR;
				GCC_WARN_UNDECLARED_SELECTOR = YES;
				GCC_WARN_UNINITIALIZED_AUTOS = YES_AGGRESSIVE;
				GCC_WARN_UNUSED_FUNCTION = YES;
				GCC_WARN_UNUSED_VARIABLE = YES;
				IPHONEOS_DEPLOYMENT_TARGET = 11.0;
				MTL_ENABLE_DEBUG_INFO = YES;
				ONLY_ACTIVE_ARCH = YES;
				SDKROOT = iphoneos;
			};
			name = Debug;
		};
		47CAB4BE20526E660021193A /* Release */ = {
			isa = XCBuildConfiguration;
			buildSettings = {
				ALWAYS_SEARCH_USER_PATHS = NO;
				CLANG_ANALYZER_NONNULL = YES;
				CLANG_ANALYZER_NUMBER_OBJECT_CONVERSION = YES_AGGRESSIVE;
				CLANG_CXX_LANGUAGE_STANDARD = "gnu++14";
				CLANG_CXX_LIBRARY = "libc++";
				CLANG_ENABLE_MODULES = YES;
				CLANG_ENABLE_OBJC_ARC = YES;
				CLANG_WARN_BLOCK_CAPTURE_AUTORELEASING = YES;
				CLANG_WARN_BOOL_CONVERSION = YES;
				CLANG_WARN_COMMA = YES;
				CLANG_WARN_CONSTANT_CONVERSION = YES;
				CLANG_WARN_DIRECT_OBJC_ISA_USAGE = YES_ERROR;
				CLANG_WARN_DOCUMENTATION_COMMENTS = YES;
				CLANG_WARN_EMPTY_BODY = YES;
				CLANG_WARN_ENUM_CONVERSION = YES;
				CLANG_WARN_INFINITE_RECURSION = YES;
				CLANG_WARN_INT_CONVERSION = YES;
				CLANG_WARN_NON_LITERAL_NULL_CONVERSION = YES;
				CLANG_WARN_OBJC_LITERAL_CONVERSION = YES;
				CLANG_WARN_OBJC_ROOT_CLASS = YES_ERROR;
				CLANG_WARN_RANGE_LOOP_ANALYSIS = YES;
				CLANG_WARN_STRICT_PROTOTYPES = YES;
				CLANG_WARN_SUSPICIOUS_MOVE = YES;
				CLANG_WARN_UNGUARDED_AVAILABILITY = YES_AGGRESSIVE;
				CLANG_WARN_UNREACHABLE_CODE = YES;
				CLANG_WARN__DUPLICATE_METHOD_MATCH = YES;
				CODE_SIGN_IDENTITY = "iPhone Developer";
				COPY_PHASE_STRIP = NO;
				DEBUG_INFORMATION_FORMAT = "dwarf-with-dsym";
				ENABLE_NS_ASSERTIONS = NO;
				ENABLE_STRICT_OBJC_MSGSEND = YES;
				GCC_C_LANGUAGE_STANDARD = gnu11;
				GCC_NO_COMMON_BLOCKS = YES;
				GCC_WARN_64_TO_32_BIT_CONVERSION = YES;
				GCC_WARN_ABOUT_RETURN_TYPE = YES_ERROR;
				GCC_WARN_UNDECLARED_SELECTOR = YES;
				GCC_WARN_UNINITIALIZED_AUTOS = YES_AGGRESSIVE;
				GCC_WARN_UNUSED_FUNCTION = YES;
				GCC_WARN_UNUSED_VARIABLE = YES;
				IPHONEOS_DEPLOYMENT_TARGET = 11.0;
				MTL_ENABLE_DEBUG_INFO = NO;
				SDKROOT = iphoneos;
				VALIDATE_PRODUCT = YES;
			};
			name = Release;
		};
		47CAB4C020526E660021193A /* Debug */ = {
			isa = XCBuildConfiguration;
			buildSettings = {
				ASSETCATALOG_COMPILER_APPICON_NAME = AppIcon;
				CODE_SIGN_STYLE = Automatic;
				INFOPLIST_FILE = EpubCocoapod/Info.plist;
				LD_RUNPATH_SEARCH_PATHS = "$(inherited) @executable_path/Frameworks";
				PRODUCT_BUNDLE_IDENTIFIER = com.founder.EpubCocoapod;
				PRODUCT_NAME = "$(TARGET_NAME)";
				TARGETED_DEVICE_FAMILY = "1,2";
			};
			name = Debug;
		};
		47CAB4C120526E660021193A /* Release */ = {
			isa = XCBuildConfiguration;
			buildSettings = {
				ASSETCATALOG_COMPILER_APPICON_NAME = AppIcon;
				CODE_SIGN_STYLE = Automatic;
				INFOPLIST_FILE = EpubCocoapod/Info.plist;
				LD_RUNPATH_SEARCH_PATHS = "$(inherited) @executable_path/Frameworks";
				PRODUCT_BUNDLE_IDENTIFIER = com.founder.EpubCocoapod;
				PRODUCT_NAME = "$(TARGET_NAME)";
				TARGETED_DEVICE_FAMILY = "1,2";
			};
			name = Release;
		};
/* End XCBuildConfiguration section */

/* Begin XCConfigurationList section */
		47CAB4A420526E660021193A /* Build configuration list for PBXProject "EpubCocoapod" */ = {
			isa = XCConfigurationList;
			buildConfigurations = (
				47CAB4BD20526E660021193A /* Debug */,
				47CAB4BE20526E660021193A /* Release */,
			);
			defaultConfigurationIsVisible = 0;
			defaultConfigurationName = Release;
		};
		47CAB4BF20526E660021193A /* Build configuration list for PBXNativeTarget "EpubCocoapod" */ = {
			isa = XCConfigurationList;
			buildConfigurations = (
				47CAB4C020526E660021193A /* Debug */,
				47CAB4C120526E660021193A /* Release */,
			);
			defaultConfigurationIsVisible = 0;
			defaultConfigurationName = Release;
		};
/* End XCConfigurationList section */
	};
	rootObject = 47CAB4A120526E660021193A /* Project object */;
}
